
Microsoft Visual Studio Solution File, Format Version 12.00
# Visual Studio Version 16
VisualStudioVersion = 16.0.29509.3
MinimumVisualStudioVersion = 10.0.40219.1
Project("{FAE04EC0-301F-11D3-BF4B-00C04F79EFBC}") = "RssFeeder", "RssFeeder\RssFeeder.csproj", "{1CCAFF18-E233-433A-9314-ED9CC657CDEC}"
EndProject
Global
	GlobalSection(SolutionConfigurationPlatforms) = preSolution
		Debug|Any CPU = Debug|Any CPU
		Release|Any CPU = Release|Any CPU
	EndGlobalSection
	GlobalSection(ProjectConfigurationPlatforms) = postSolution
		{1CCAFF18-E233-433A-9314-ED9CC657CDEC}.Debug|Any CPU.ActiveCfg = Debug|Any CPU
		{1CCAFF18-E233-433A-9314-ED9CC657CDEC}.Debug|Any CPU.Build.0 = Debug|Any CPU
		{1CCAFF18-E233-433A-9314-ED9CC657CDEC}.Release|Any CPU.ActiveCfg = Release|Any CPU
		{1CCAFF18-E233-433A-9314-ED9CC657CDEC}.Release|Any CPU.Build.0 = Release|Any CPU
	EndGlobalSection
	GlobalSection(SolutionProperties) = preSolution
		HideSolutionNode = FALSE
	EndGlobalSection
	GlobalSection(ExtensibilityGlobals) = postSolution
		SolutionGuid = {DEB62FDA-E536-44C6-98A7-843FECEAC316}
	EndGlobalSection
EndGlobal
